
Microsoft Visual Studio Solution File, Format Version 12.00
# Visual Studio Version 17
VisualStudioVersion = 17.10.34928.147
MinimumVisualStudioVersion = 10.0.40219.1
Project("{FAE04EC0-301F-11D3-BF4B-00C04F79EFBC}") = "WebApplicationUnitTestNetCore", "WebApplicationUnitTestNetCore\WebApplicationUnitTestNetCore.csproj", "{F8E23F25-354B-4E6B-99C6-2E25159C37E6}"
EndProject
Project("{FAE04EC0-301F-11D3-BF4B-00C04F79EFBC}") = "WebApplicationUnitTestNetCoreTests", "WebApplicationUnitTestNetCoreTests\WebApplicationUnitTestNetCoreTests.csproj", "{20515D48-6486-4DED-AD14-2BBDBFAC1367}"
EndProject
Global
	GlobalSection(SolutionConfigurationPlatforms) = preSolution
		Debug|Any CPU = Debug|Any CPU
		Release|Any CPU = Release|Any CPU
	EndGlobalSection
	GlobalSection(ProjectConfigurationPlatforms) = postSolution
		{F8E23F25-354B-4E6B-99C6-2E25159C37E6}.Debug|Any CPU.ActiveCfg = Debug|Any CPU
		{F8E23F25-354B-4E6B-99C6-2E25159C37E6}.Debug|Any CPU.Build.0 = Debug|Any CPU
		{F8E23F25-354B-4E6B-99C6-2E25159C37E6}.Release|Any CPU.ActiveCfg = Release|Any CPU
		{F8E23F25-354B-4E6B-99C6-2E25159C37E6}.Release|Any CPU.Build.0 = Release|Any CPU
		{20515D48-6486-4DED-AD14-2BBDBFAC1367}.Debug|Any CPU.ActiveCfg = Debug|Any CPU
		{20515D48-6486-4DED-AD14-2BBDBFAC1367}.Debug|Any CPU.Build.0 = Debug|Any CPU
		{20515D48-6486-4DED-AD14-2BBDBFAC1367}.Release|Any CPU.ActiveCfg = Release|Any CPU
		{20515D48-6486-4DED-AD14-2BBDBFAC1367}.Release|Any CPU.Build.0 = Release|Any CPU
	EndGlobalSection
	GlobalSection(SolutionProperties) = preSolution
		HideSolutionNode = FALSE
	EndGlobalSection
	GlobalSection(ExtensibilityGlobals) = postSolution
		SolutionGuid = {2CFFB856-5146-4AED-A563-0502635DEE73}
	EndGlobalSection
EndGlobal
